
Microsoft Visual Studio Solution File, Format Version 12.00
Project("{FAE04EC0-301F-11D3-BF4B-00C04F79EFBC}") = "AdventOfCode2021", "AdventOfCode2021\AdventOfCode2021.csproj", "{D4F1AD30-E901-4940-B79C-74D87CF34902}"
EndProject
Project("{FAE04EC0-301F-11D3-BF4B-00C04F79EFBC}") = "Shared", "Shared\Shared.csproj", "{B77D4EDD-5959-4506-AD23-F45D023BC0A1}"
EndProject
Project("{2150E333-8FDC-42A3-9474-1A3956D46DE8}") = "Days", "Days", "{CDBE2732-A086-4D9D-BA68-C0CAF4F1B966}"
EndProject
Project("{FAE04EC0-301F-11D3-BF4B-00C04F79EFBC}") = "Day01", "Days\Day01\Day01.csproj", "{6A526483-BB5D-4464-AD85-4E99D08851F5}"
EndProject
Project("{FAE04EC0-301F-11D3-BF4B-00C04F79EFBC}") = "Day02", "Days\Day02\Day02.csproj", "{99B3A1E1-D797-4058-9EF7-40A7505180C0}"
EndProject
Project("{FAE04EC0-301F-11D3-BF4B-00C04F79EFBC}") = "Day03", "Days\Day03\Day03.csproj", "{4F3B377B-6F31-413E-909F-F875F5B4557A}"
EndProject
Project("{FAE04EC0-301F-11D3-BF4B-00C04F79EFBC}") = "Day04", "Days\Day04\Day04.csproj", "{CEACBD22-CEC0-4C7E-991A-B01E93284178}"
EndProject
Project("{FAE04EC0-301F-11D3-BF4B-00C04F79EFBC}") = "AdventOfCode2021.Tests", "AdventOfCode2021.Test\AdventOfCode2021.Tests\AdventOfCode2021.Tests.csproj", "{47475063-37CE-4B88-A6B2-5EB3AFD80E9C}"
EndProject
Global
	GlobalSection(SolutionConfigurationPlatforms) = preSolution
		Debug|Any CPU = Debug|Any CPU
		Release|Any CPU = Release|Any CPU
	EndGlobalSection
	GlobalSection(ProjectConfigurationPlatforms) = postSolution
		{D4F1AD30-E901-4940-B79C-74D87CF34902}.Debug|Any CPU.ActiveCfg = Debug|Any CPU
		{D4F1AD30-E901-4940-B79C-74D87CF34902}.Debug|Any CPU.Build.0 = Debug|Any CPU
		{D4F1AD30-E901-4940-B79C-74D87CF34902}.Release|Any CPU.ActiveCfg = Release|Any CPU
		{D4F1AD30-E901-4940-B79C-74D87CF34902}.Release|Any CPU.Build.0 = Release|Any CPU
		{B77D4EDD-5959-4506-AD23-F45D023BC0A1}.Debug|Any CPU.ActiveCfg = Debug|Any CPU
		{B77D4EDD-5959-4506-AD23-F45D023BC0A1}.Debug|Any CPU.Build.0 = Debug|Any CPU
		{B77D4EDD-5959-4506-AD23-F45D023BC0A1}.Release|Any CPU.ActiveCfg = Release|Any CPU
		{B77D4EDD-5959-4506-AD23-F45D023BC0A1}.Release|Any CPU.Build.0 = Release|Any CPU
		{6A526483-BB5D-4464-AD85-4E99D08851F5}.Debug|Any CPU.ActiveCfg = Debug|Any CPU
		{6A526483-BB5D-4464-AD85-4E99D08851F5}.Debug|Any CPU.Build.0 = Debug|Any CPU
		{6A526483-BB5D-4464-AD85-4E99D08851F5}.Release|Any CPU.ActiveCfg = Release|Any CPU
		{6A526483-BB5D-4464-AD85-4E99D08851F5}.Release|Any CPU.Build.0 = Release|Any CPU
		{99B3A1E1-D797-4058-9EF7-40A7505180C0}.Debug|Any CPU.ActiveCfg = Debug|Any CPU
		{99B3A1E1-D797-4058-9EF7-40A7505180C0}.Debug|Any CPU.Build.0 = Debug|Any CPU
		{99B3A1E1-D797-4058-9EF7-40A7505180C0}.Release|Any CPU.ActiveCfg = Release|Any CPU
		{99B3A1E1-D797-4058-9EF7-40A7505180C0}.Release|Any CPU.Build.0 = Release|Any CPU
		{4F3B377B-6F31-413E-909F-F875F5B4557A}.Debug|Any CPU.ActiveCfg = Debug|Any CPU
		{4F3B377B-6F31-413E-909F-F875F5B4557A}.Debug|Any CPU.Build.0 = Debug|Any CPU
		{4F3B377B-6F31-413E-909F-F875F5B4557A}.Release|Any CPU.ActiveCfg = Release|Any CPU
		{4F3B377B-6F31-413E-909F-F875F5B4557A}.Release|Any CPU.Build.0 = Release|Any CPU
		{CEACBD22-CEC0-4C7E-991A-B01E93284178}.Debug|Any CPU.ActiveCfg = Debug|Any CPU
		{CEACBD22-CEC0-4C7E-991A-B01E93284178}.Debug|Any CPU.Build.0 = Debug|Any CPU
		{CEACBD22-CEC0-4C7E-991A-B01E93284178}.Release|Any CPU.ActiveCfg = Release|Any CPU
		{CEACBD22-CEC0-4C7E-991A-B01E93284178}.Release|Any CPU.Build.0 = Release|Any CPU
		{47475063-37CE-4B88-A6B2-5EB3AFD80E9C}.Debug|Any CPU.ActiveCfg = Debug|Any CPU
		{47475063-37CE-4B88-A6B2-5EB3AFD80E9C}.Debug|Any CPU.Build.0 = Debug|Any CPU
		{47475063-37CE-4B88-A6B2-5EB3AFD80E9C}.Release|Any CPU.ActiveCfg = Release|Any CPU
		{47475063-37CE-4B88-A6B2-5EB3AFD80E9C}.Release|Any CPU.Build.0 = Release|Any CPU
	EndGlobalSection
	GlobalSection(NestedProjects) = preSolution
		{6A526483-BB5D-4464-AD85-4E99D08851F5} = {CDBE2732-A086-4D9D-BA68-C0CAF4F1B966}
		{99B3A1E1-D797-4058-9EF7-40A7505180C0} = {CDBE2732-A086-4D9D-BA68-C0CAF4F1B966}
		{4F3B377B-6F31-413E-909F-F875F5B4557A} = {CDBE2732-A086-4D9D-BA68-C0CAF4F1B966}
		{CEACBD22-CEC0-4C7E-991A-B01E93284178} = {CDBE2732-A086-4D9D-BA68-C0CAF4F1B966}
	EndGlobalSection
EndGlobal
